// !$*UTF8*$!
{
	archiveVersion = 1;
	classes = {
	};
	objectVersion = 50;
	objects = {

/* Begin PBXBuildFile section */
		0DA849D5228A900600197B54 /* AppDelegate.swift in Sources */ = {isa = PBXBuildFile; fileRef = 0DA849D4228A900600197B54 /* AppDelegate.swift */; };
		0DA849D7228A900600197B54 /* ViewController.swift in Sources */ = {isa = PBXBuildFile; fileRef = 0DA849D6228A900600197B54 /* ViewController.swift */; };
		0DA849DA228A900600197B54 /* Main.storyboard in Resources */ = {isa = PBXBuildFile; fileRef = 0DA849D8228A900600197B54 /* Main.storyboard */; };
		0DA849DC228A900A00197B54 /* Assets.xcassets in Resources */ = {isa = PBXBuildFile; fileRef = 0DA849DB228A900A00197B54 /* Assets.xcassets */; };
		0DA849DF228A900A00197B54 /* LaunchScreen.storyboard in Resources */ = {isa = PBXBuildFile; fileRef = 0DA849DD228A900A00197B54 /* LaunchScreen.storyboard */; };
		0DA849ED228A911300197B54 /* UIView+extension.swift in Sources */ = {isa = PBXBuildFile; fileRef = 0DA849E8228A911300197B54 /* UIView+extension.swift */; };
		0DA849EE228A911300197B54 /* SCRHintIcon.swift in Sources */ = {isa = PBXBuildFile; fileRef = 0DA849EA228A911300197B54 /* SCRHintIcon.swift */; };
		0DA849EF228A911300197B54 /* resources.bundle in Resources */ = {isa = PBXBuildFile; fileRef = 0DA849EB228A911300197B54 /* resources.bundle */; };
		0DA849F0228A911300197B54 /* SCRHintView.swift in Sources */ = {isa = PBXBuildFile; fileRef = 0DA849EC228A911300197B54 /* SCRHintView.swift */; };
		0DA849F2228A915D00197B54 /* String+extension.swift in Sources */ = {isa = PBXBuildFile; fileRef = 0DA849F1228A915D00197B54 /* String+extension.swift */; };
		25781DA4D27DD36BF2C77DB5 /* Pods_SCRHintView.framework in Frameworks */ = {isa = PBXBuildFile; fileRef = 84EAE28620AC2915308A8237 /* Pods_SCRHintView.framework */; };
/* End PBXBuildFile section */

/* Begin PBXFileReference section */
		0DA849D1228A900600197B54 /* SCRHintView.app */ = {isa = PBXFileReference; explicitFileType = wrapper.application; includeInIndex = 0; path = SCRHintView.app; sourceTree = BUILT_PRODUCTS_DIR; };
		0DA849D4228A900600197B54 /* AppDelegate.swift */ = {isa = PBXFileReference; lastKnownFileType = sourcecode.swift; path = AppDelegate.swift; sourceTree = "<group>"; };
		0DA849D6228A900600197B54 /* ViewController.swift */ = {isa = PBXFileReference; lastKnownFileType = sourcecode.swift; path = ViewController.swift; sourceTree = "<group>"; };
		0DA849D9228A900600197B54 /* Base */ = {isa = PBXFileReference; lastKnownFileType = file.storyboard; name = Base; path = Base.lproj/Main.storyboard; sourceTree = "<group>"; };
		0DA849DB228A900A00197B54 /* Assets.xcassets */ = {isa = PBXFileReference; lastKnownFileType = folder.assetcatalog; path = Assets.xcassets; sourceTree = "<group>"; };
		0DA849DE228A900A00197B54 /* Base */ = {isa = PBXFileReference; lastKnownFileType = file.storyboard; name = Base; path = Base.lproj/LaunchScreen.storyboard; sourceTree = "<group>"; };
		0DA849E0228A900A00197B54 /* Info.plist */ = {isa = PBXFileReference; lastKnownFileType = text.plist.xml; path = Info.plist; sourceTree = "<group>"; };
		0DA849E8228A911300197B54 /* UIView+extension.swift */ = {isa = PBXFileReference; fileEncoding = 4; lastKnownFileType = sourcecode.swift; path = "UIView+extension.swift"; sourceTree = "<group>"; };
		0DA849EA228A911300197B54 /* SCRHintIcon.swift */ = {isa = PBXFileReference; fileEncoding = 4; lastKnownFileType = sourcecode.swift; path = SCRHintIcon.swift; sourceTree = "<group>"; };
		0DA849EB228A911300197B54 /* resources.bundle */ = {isa = PBXFileReference; lastKnownFileType = "wrapper.plug-in"; path = resources.bundle; sourceTree = "<group>"; };
		0DA849EC228A911300197B54 /* SCRHintView.swift */ = {isa = PBXFileReference; fileEncoding = 4; lastKnownFileType = sourcecode.swift; path = SCRHintView.swift; sourceTree = "<group>"; };
		0DA849F1228A915D00197B54 /* String+extension.swift */ = {isa = PBXFileReference; fileEncoding = 4; lastKnownFileType = sourcecode.swift; path = "String+extension.swift"; sourceTree = "<group>"; };
		2B2B954D8CCD321C12C2B977 /* Pods-SCRHintView.debug.xcconfig */ = {isa = PBXFileReference; includeInIndex = 1; lastKnownFileType = text.xcconfig; name = "Pods-SCRHintView.debug.xcconfig"; path = "Target Support Files/Pods-SCRHintView/Pods-SCRHintView.debug.xcconfig"; sourceTree = "<group>"; };
		4A8924C05D6921B9CDB10E10 /* Pods-SCRHintView.release.xcconfig */ = {isa = PBXFileReference; includeInIndex = 1; lastKnownFileType = text.xcconfig; name = "Pods-SCRHintView.release.xcconfig"; path = "Target Support Files/Pods-SCRHintView/Pods-SCRHintView.release.xcconfig"; sourceTree = "<group>"; };
		84EAE28620AC2915308A8237 /* Pods_SCRHintView.framework */ = {isa = PBXFileReference; explicitFileType = wrapper.framework; includeInIndex = 0; path = Pods_SCRHintView.framework; sourceTree = BUILT_PRODUCTS_DIR; };
/* End PBXFileReference section */

/* Begin PBXFrameworksBuildPhase section */
		0DA849CE228A900600197B54 /* Frameworks */ = {
			isa = PBXFrameworksBuildPhase;
			buildActionMask = 2147483647;
			files = (
				25781DA4D27DD36BF2C77DB5 /* Pods_SCRHintView.framework in Frameworks */,
			);
			runOnlyForDeploymentPostprocessing = 0;
		};
/* End PBXFrameworksBuildPhase section */

/* Begin PBXGroup section */
		0DA849C8228A900600197B54 = {
			isa = PBXGroup;
			children = (
				0DA849D3228A900600197B54 /* SCRHintView */,
				0DA849D2228A900600197B54 /* Products */,
				69D6B18D734BE89A2CE3F987 /* Pods */,
				8F14FE80FB9A60D067F086F9 /* Frameworks */,
			);
			sourceTree = "<group>";
		};
		0DA849D2228A900600197B54 /* Products */ = {
			isa = PBXGroup;
			children = (
				0DA849D1228A900600197B54 /* SCRHintView.app */,
			);
			name = Products;
			sourceTree = "<group>";
		};
		0DA849D3228A900600197B54 /* SCRHintView */ = {
			isa = PBXGroup;
			children = (
				0DA849E6228A911300197B54 /* HintView */,
				0DA849D4228A900600197B54 /* AppDelegate.swift */,
				0DA849D6228A900600197B54 /* ViewController.swift */,
				0DA849D8228A900600197B54 /* Main.storyboard */,
				0DA849DB228A900A00197B54 /* Assets.xcassets */,
				0DA849DD228A900A00197B54 /* LaunchScreen.storyboard */,
				0DA849E0228A900A00197B54 /* Info.plist */,
			);
			path = SCRHintView;
			sourceTree = "<group>";
		};
		0DA849E6228A911300197B54 /* HintView */ = {
			isa = PBXGroup;
			children = (
				0DA849E7228A911300197B54 /* Tools */,
				0DA849E9228A911300197B54 /* Model */,
				0DA849EB228A911300197B54 /* resources.bundle */,
				0DA849EC228A911300197B54 /* SCRHintView.swift */,
			);
			path = HintView;
			sourceTree = SOURCE_ROOT;
		};
		0DA849E7228A911300197B54 /* Tools */ = {
			isa = PBXGroup;
			children = (
				0DA849F1228A915D00197B54 /* String+extension.swift */,
				0DA849E8228A911300197B54 /* UIView+extension.swift */,
			);
			path = Tools;
			sourceTree = "<group>";
		};
		0DA849E9228A911300197B54 /* Model */ = {
			isa = PBXGroup;
			children = (
				0DA849EA228A911300197B54 /* SCRHintIcon.swift */,
			);
			path = Model;
			sourceTree = "<group>";
		};
		69D6B18D734BE89A2CE3F987 /* Pods */ = {
			isa = PBXGroup;
			children = (
				2B2B954D8CCD321C12C2B977 /* Pods-SCRHintView.debug.xcconfig */,
				4A8924C05D6921B9CDB10E10 /* Pods-SCRHintView.release.xcconfig */,
			);
			path = Pods;
			sourceTree = "<group>";
		};
		8F14FE80FB9A60D067F086F9 /* Frameworks */ = {
			isa = PBXGroup;
			children = (
				84EAE28620AC2915308A8237 /* Pods_SCRHintView.framework */,
			);
			name = Frameworks;
			sourceTree = "<group>";
		};
/* End PBXGroup section */

/* Begin PBXNativeTarget section */
		0DA849D0228A900600197B54 /* SCRHintView */ = {
			isa = PBXNativeTarget;
			buildConfigurationList = 0DA849E3228A900A00197B54 /* Build configuration list for PBXNativeTarget "SCRHintView" */;
			buildPhases = (
				2BB99396863DCA4802B3F791 /* [CP] Check Pods Manifest.lock */,
				0DA849CD228A900600197B54 /* Sources */,
				0DA849CE228A900600197B54 /* Frameworks */,
				0DA849CF228A900600197B54 /* Resources */,
				76C6EE9B5B19245D7601D94F /* [CP] Embed Pods Frameworks */,
			);
			buildRules = (
			);
			dependencies = (
			);
			name = SCRHintView;
			productName = SCRHintView;
			productReference = 0DA849D1228A900600197B54 /* SCRHintView.app */;
			productType = "com.apple.product-type.application";
		};
/* End PBXNativeTarget section */

/* Begin PBXProject section */
		0DA849C9228A900600197B54 /* Project object */ = {
			isa = PBXProject;
			attributes = {
				LastSwiftUpdateCheck = 1020;
				LastUpgradeCheck = 1020;
				ORGANIZATIONNAME = "Stephen Cao";
				TargetAttributes = {
					0DA849D0228A900600197B54 = {
						CreatedOnToolsVersion = 10.2.1;
					};
				};
			};
			buildConfigurationList = 0DA849CC228A900600197B54 /* Build configuration list for PBXProject "SCRHintView" */;
			compatibilityVersion = "Xcode 9.3";
			developmentRegion = en;
			hasScannedForEncodings = 0;
			knownRegions = (
				en,
				Base,
			);
			mainGroup = 0DA849C8228A900600197B54;
			productRefGroup = 0DA849D2228A900600197B54 /* Products */;
			projectDirPath = "";
			projectRoot = "";
			targets = (
				0DA849D0228A900600197B54 /* SCRHintView */,
			);
		};
/* End PBXProject section */

/* Begin PBXResourcesBuildPhase section */
		0DA849CF228A900600197B54 /* Resources */ = {
			isa = PBXResourcesBuildPhase;
			buildActionMask = 2147483647;
			files = (
				0DA849DF228A900A00197B54 /* LaunchScreen.storyboard in Resources */,
				0DA849DC228A900A00197B54 /* Assets.xcassets in Resources */,
				0DA849DA228A900600197B54 /* Main.storyboard in Resources */,
				0DA849EF228A911300197B54 /* resources.bundle in Resources */,
			);
			runOnlyForDeploymentPostprocessing = 0;
		};
/* End PBXResourcesBuildPhase section */

/* Begin PBXShellScriptBuildPhase section */
		2BB99396863DCA4802B3F791 /* [CP] Check Pods Manifest.lock */ = {
			isa = PBXShellScriptBuildPhase;
			buildActionMask = 2147483647;
			files = (
			);
			inputFileListPaths = (
			);
			inputPaths = (
				"${PODS_PODFILE_DIR_PATH}/Podfile.lock",
				"${PODS_ROOT}/Manifest.lock",
			);
			name = "[CP] Check Pods Manifest.lock";
			outputFileListPaths = (
			);
			outputPaths = (
				"$(DERIVED_FILE_DIR)/Pods-SCRHintView-checkManifestLockResult.txt",
			);
			runOnlyForDeploymentPostprocessing = 0;
			shellPath = /bin/sh;
			shellScript = "diff \"${PODS_PODFILE_DIR_PATH}/Podfile.lock\" \"${PODS_ROOT}/Manifest.lock\" > /dev/null\nif [ $? != 0 ] ; then\n    # print error to STDERR\n    echo \"error: The sandbox is not in sync with the Podfile.lock. Run 'pod install' or update your CocoaPods installation.\" >&2\n    exit 1\nfi\n# This output is used by Xcode 'outputs' to avoid re-running this script phase.\necho \"SUCCESS\" > \"${SCRIPT_OUTPUT_FILE_0}\"\n";
			showEnvVarsInLog = 0;
		};
		76C6EE9B5B19245D7601D94F /* [CP] Embed Pods Frameworks */ = {
			isa = PBXShellScriptBuildPhase;
			buildActionMask = 2147483647;
			files = (
			);
			inputFileListPaths = (
			);
			inputPaths = (
				"${PODS_ROOT}/Target Support Files/Pods-SCRHintView/Pods-SCRHintView-frameworks.sh",
				"${BUILT_PRODUCTS_DIR}/pop/pop.framework",
			);
			name = "[CP] Embed Pods Frameworks";
			outputFileListPaths = (
			);
			outputPaths = (
				"${TARGET_BUILD_DIR}/${FRAMEWORKS_FOLDER_PATH}/pop.framework",
			);
			runOnlyForDeploymentPostprocessing = 0;
			shellPath = /bin/sh;
			shellScript = "\"${PODS_ROOT}/Target Support Files/Pods-SCRHintView/Pods-SCRHintView-frameworks.sh\"\n";
			showEnvVarsInLog = 0;
		};
/* End PBXShellScriptBuildPhase section */

/* Begin PBXSourcesBuildPhase section */
		0DA849CD228A900600197B54 /* Sources */ = {
			isa = PBXSourcesBuildPhase;
			buildActionMask = 2147483647;
			files = (
				0DA849EE228A911300197B54 /* SCRHintIcon.swift in Sources */,
				0DA849ED228A911300197B54 /* UIView+extension.swift in Sources */,
				0DA849F2228A915D00197B54 /* String+extension.swift in Sources */,
				0DA849D7228A900600197B54 /* ViewController.swift in Sources */,
				0DA849F0228A911300197B54 /* SCRHintView.swift in Sources */,
				0DA849D5228A900600197B54 /* AppDelegate.swift in Sources */,
			);
			runOnlyForDeploymentPostprocessing = 0;
		};
/* End PBXSourcesBuildPhase section */

/* Begin PBXVariantGroup section */
		0DA849D8228A900600197B54 /* Main.storyboard */ = {
			isa = PBXVariantGroup;
			children = (
				0DA849D9228A900600197B54 /* Base */,
			);
			name = Main.storyboard;
			sourceTree = "<group>";
		};
		0DA849DD228A900A00197B54 /* LaunchScreen.storyboard */ = {
			isa = PBXVariantGroup;
			children = (
				0DA849DE228A900A00197B54 /* Base */,
			);
			name = LaunchScreen.storyboard;
			sourceTree = "<group>";
		};
/* End PBXVariantGroup section */

/* Begin XCBuildConfiguration section */
		0DA849E1228A900A00197B54 /* Debug */ = {
			isa = XCBuildConfiguration;
			buildSettings = {
				ALWAYS_SEARCH_USER_PATHS = NO;
				CLANG_ANALYZER_NONNULL = YES;
				CLANG_ANALYZER_NUMBER_OBJECT_CONVERSION = YES_AGGRESSIVE;
				CLANG_CXX_LANGUAGE_STANDARD = "gnu++14";
				CLANG_CXX_LIBRARY = "libc++";
				CLANG_ENABLE_MODULES = YES;
				CLANG_ENABLE_OBJC_ARC = YES;
				CLANG_ENABLE_OBJC_WEAK = YES;
				CLANG_WARN_BLOCK_CAPTURE_AUTORELEASING = YES;
				CLANG_WARN_BOOL_CONVERSION = YES;
				CLANG_WARN_COMMA = YES;
				CLANG_WARN_CONSTANT_CONVERSION = YES;
				CLANG_WARN_DEPRECATED_OBJC_IMPLEMENTATIONS = YES;
				CLANG_WARN_DIRECT_OBJC_ISA_USAGE = YES_ERROR;
				CLANG_WARN_DOCUMENTATION_COMMENTS = YES;
				CLANG_WARN_EMPTY_BODY = YES;
				CLANG_WARN_ENUM_CONVERSION = YES;
				CLANG_WARN_INFINITE_RECURSION = YES;
				CLANG_WARN_INT_CONVERSION = YES;
				CLANG_WARN_NON_LITERAL_NULL_CONVERSION = YES;
				CLANG_WARN_OBJC_IMPLICIT_RETAIN_SELF = YES;
				CLANG_WARN_OBJC_LITERAL_CONVERSION = YES;
				CLANG_WARN_OBJC_ROOT_CLASS = YES_ERROR;
				CLANG_WARN_RANGE_LOOP_ANALYSIS = YES;
				CLANG_WARN_STRICT_PROTOTYPES = YES;
				CLANG_WARN_SUSPICIOUS_MOVE = YES;
				CLANG_WARN_UNGUARDED_AVAILABILITY = YES_AGGRESSIVE;
				CLANG_WARN_UNREACHABLE_CODE = YES;
				CLANG_WARN__DUPLICATE_METHOD_MATCH = YES;
				CODE_SIGN_IDENTITY = "iPhone Developer";
				COPY_PHASE_STRIP = NO;
				DEBUG_INFORMATION_FORMAT = dwarf;
				ENABLE_STRICT_OBJC_MSGSEND = YES;
				ENABLE_TESTABILITY = YES;
				GCC_C_LANGUAGE_STANDARD = gnu11;
				GCC_DYNAMIC_NO_PIC = NO;
				GCC_NO_COMMON_BLOCKS = YES;
				GCC_OPTIMIZATION_LEVEL = 0;
				GCC_PREPROCESSOR_DEFINITIONS = (
					"DEBUG=1",
					"$(inherited)",
				);
				GCC_WARN_64_TO_32_BIT_CONVERSION = YES;
				GCC_WARN_ABOUT_RETURN_TYPE = YES_ERROR;
				GCC_WARN_UNDECLARED_SELECTOR = YES;
				GCC_WARN_UNINITIALIZED_AUTOS = YES_AGGRESSIVE;
				GCC_WARN_UNUSED_FUNCTION = YES;
				GCC_WARN_UNUSED_VARIABLE = YES;
				IPHONEOS_DEPLOYMENT_TARGET = 12.2;
				MTL_ENABLE_DEBUG_INFO = INCLUDE_SOURCE;
				MTL_FAST_MATH = YES;
				ONLY_ACTIVE_ARCH = YES;
				SDKROOT = iphoneos;
				SWIFT_ACTIVE_COMPILATION_CONDITIONS = DEBUG;
				SWIFT_OPTIMIZATION_LEVEL = "-Onone";
			};
			name = Debug;
		};
		0DA849E2228A900A00197B54 /* Release */ = {
			isa = XCBuildConfiguration;
			buildSettings = {
				ALWAYS_SEARCH_USER_PATHS = NO;
				CLANG_ANALYZER_NONNULL = YES;
				CLANG_ANALYZER_NUMBER_OBJECT_CONVERSION = YES_AGGRESSIVE;
				CLANG_CXX_LANGUAGE_STANDARD = "gnu++14";
				CLANG_CXX_LIBRARY = "libc++";
				CLANG_ENABLE_MODULES = YES;
				CLANG_ENABLE_OBJC_ARC = YES;
				CLANG_ENABLE_OBJC_WEAK = YES;
				CLANG_WARN_BLOCK_CAPTURE_AUTORELEASING = YES;
				CLANG_WARN_BOOL_CONVERSION = YES;
				CLANG_WARN_COMMA = YES;
				CLANG_WARN_CONSTANT_CONVERSION = YES;
				CLANG_WARN_DEPRECATED_OBJC_IMPLEMENTATIONS = YES;
				CLANG_WARN_DIRECT_OBJC_ISA_USAGE = YES_ERROR;
				CLANG_WARN_DOCUMENTATION_COMMENTS = YES;
				CLANG_WARN_EMPTY_BODY = YES;
				CLANG_WARN_ENUM_CONVERSION = YES;
				CLANG_WARN_INFINITE_RECURSION = YES;
				CLANG_WARN_INT_CONVERSION = YES;
				CLANG_WARN_NON_LITERAL_NULL_CONVERSION = YES;
				CLANG_WARN_OBJC_IMPLICIT_RETAIN_SELF = YES;
				CLANG_WARN_OBJC_LITERAL_CONVERSION = YES;
				CLANG_WARN_OBJC_ROOT_CLASS = YES_ERROR;
				CLANG_WARN_RANGE_LOOP_ANALYSIS = YES;
				CLANG_WARN_STRICT_PROTOTYPES = YES;
				CLANG_WARN_SUSPICIOUS_MOVE = YES;
				CLANG_WARN_UNGUARDED_AVAILABILITY = YES_AGGRESSIVE;
				CLANG_WARN_UNREACHABLE_CODE = YES;
				CLANG_WARN__DUPLICATE_METHOD_MATCH = YES;
				CODE_SIGN_IDENTITY = "iPhone Developer";
				COPY_PHASE_STRIP = NO;
				DEBUG_INFORMATION_FORMAT = "dwarf-with-dsym";
				ENABLE_NS_ASSERTIONS = NO;
				ENABLE_STRICT_OBJC_MSGSEND = YES;
				GCC_C_LANGUAGE_STANDARD = gnu11;
				GCC_NO_COMMON_BLOCKS = YES;
				GCC_WARN_64_TO_32_BIT_CONVERSION = YES;
				GCC_WARN_ABOUT_RETURN_TYPE = YES_ERROR;
				GCC_WARN_UNDECLARED_SELECTOR = YES;
				GCC_WARN_UNINITIALIZED_AUTOS = YES_AGGRESSIVE;
				GCC_WARN_UNUSED_FUNCTION = YES;
				GCC_WARN_UNUSED_VARIABLE = YES;
				IPHONEOS_DEPLOYMENT_TARGET = 12.2;
				MTL_ENABLE_DEBUG_INFO = NO;
				MTL_FAST_MATH = YES;
				SDKROOT = iphoneos;
				SWIFT_COMPILATION_MODE = wholemodule;
				SWIFT_OPTIMIZATION_LEVEL = "-O";
				VALIDATE_PRODUCT = YES;
			};
			name = Release;
		};
		0DA849E4228A900A00197B54 /* Debug */ = {
			isa = XCBuildConfiguration;
			baseConfigurationReference = 2B2B954D8CCD321C12C2B977 /* Pods-SCRHintView.debug.xcconfig */;
			buildSettings = {
				ASSETCATALOG_COMPILER_APPICON_NAME = AppIcon;
				CODE_SIGN_STYLE = Automatic;
				INFOPLIST_FILE = SCRHintView/Info.plist;
				LD_RUNPATH_SEARCH_PATHS = (
					"$(inherited)",
					"@executable_path/Frameworks",
				);
				PRODUCT_BUNDLE_IDENTIFIER = com.stephencao.project.SCRHintView;
				PRODUCT_NAME = "$(TARGET_NAME)";
				SWIFT_VERSION = 5.0;
				TARGETED_DEVICE_FAMILY = "1,2";
			};
			name = Debug;
		};
		0DA849E5228A900A00197B54 /* Release */ = {
			isa = XCBuildConfiguration;
			baseConfigurationReference = 4A8924C05D6921B9CDB10E10 /* Pods-SCRHintView.release.xcconfig */;
			buildSettings = {
				ASSETCATALOG_COMPILER_APPICON_NAME = AppIcon;
				CODE_SIGN_STYLE = Automatic;
				INFOPLIST_FILE = SCRHintView/Info.plist;
				LD_RUNPATH_SEARCH_PATHS = (
					"$(inherited)",
					"@executable_path/Frameworks",
				);
				PRODUCT_BUNDLE_IDENTIFIER = com.stephencao.project.SCRHintView;
				PRODUCT_NAME = "$(TARGET_NAME)";
				SWIFT_VERSION = 5.0;
				TARGETED_DEVICE_FAMILY = "1,2";
			};
			name = Release;
		};
/* End XCBuildConfiguration section */

/* Begin XCConfigurationList section */
		0DA849CC228A900600197B54 /* Build configuration list for PBXProject "SCRHintView" */ = {
			isa = XCConfigurationList;
			buildConfigurations = (
				0DA849E1228A900A00197B54 /* Debug */,
				0DA849E2228A900A00197B54 /* Release */,
			);
			defaultConfigurationIsVisible = 0;
			defaultConfigurationName = Release;
		};
		0DA849E3228A900A00197B54 /* Build configuration list for PBXNativeTarget "SCRHintView" */ = {
			isa = XCConfigurationList;
			buildConfigurations = (
				0DA849E4228A900A00197B54 /* Debug */,
				0DA849E5228A900A00197B54 /* Release */,
			);
			defaultConfigurationIsVisible = 0;
			defaultConfigurationName = Release;
		};
/* End XCConfigurationList section */
	};
	rootObject = 0DA849C9228A900600197B54 /* Project object */;
}
